
Microsoft Visual Studio Solution File, Format Version 12.00
# Visual Studio Version 17
VisualStudioVersion = 17.13.35913.81 d17.13
MinimumVisualStudioVersion = 10.0.40219.1
Project("{FAE04EC0-301F-11D3-BF4B-00C04F79EFBC}") = "AspAPIMultiAuth", "AspAPIMultiAuth.csproj", "{80783D56-23BB-B01B-C8A4-45737B69E2F7}"
EndProject
Global
	GlobalSection(SolutionConfigurationPlatforms) = preSolution
		Debug|Any CPU = Debug|Any CPU
		Release|Any CPU = Release|Any CPU
	EndGlobalSection
	GlobalSection(ProjectConfigurationPlatforms) = postSolution
		{80783D56-23BB-B01B-C8A4-45737B69E2F7}.Debug|Any CPU.ActiveCfg = Debug|Any CPU
		{80783D56-23BB-B01B-C8A4-45737B69E2F7}.Debug|Any CPU.Build.0 = Debug|Any CPU
		{80783D56-23BB-B01B-C8A4-45737B69E2F7}.Release|Any CPU.ActiveCfg = Release|Any CPU
		{80783D56-23BB-B01B-C8A4-45737B69E2F7}.Release|Any CPU.Build.0 = Release|Any CPU
	EndGlobalSection
	GlobalSection(SolutionProperties) = preSolution
		HideSolutionNode = FALSE
	EndGlobalSection
	GlobalSection(ExtensibilityGlobals) = postSolution
		SolutionGuid = {6ECD9672-2D49-4AA9-A02C-2DC514B1BB52}
	EndGlobalSection
EndGlobal
